
Microsoft Visual Studio Solution File, Format Version 12.00
# Visual Studio Version 17
VisualStudioVersion = 17.8.34525.116
MinimumVisualStudioVersion = 10.0.40219.1
Project("{9A19103F-16F7-4668-BE54-9A1E7A4F7556}") = "ProductReviewAPI", "ProductReviewAPI\ProductReviewAPI.csproj", "{045F4146-52FD-4012-8D8A-71B8D5FBE6BA}"
EndProject
Project("{9A19103F-16F7-4668-BE54-9A1E7A4F7556}") = "ProductReviewWeb", "ProductReviewWeb\ProductReviewWeb.csproj", "{DD0AA4EF-B3C8-4F32-BB4C-00F6408C5CB0}"
EndProject
Project("{FAE04EC0-301F-11D3-BF4B-00C04F79EFBC}") = "ProductReviewUnitTesting", "ProductReviewUnitTesting\ProductReviewUnitTesting.csproj", "{9775A159-95F3-4E46-8D06-D195B4FDF674}"
EndProject
Global
	GlobalSection(SolutionConfigurationPlatforms) = preSolution
		Debug|Any CPU = Debug|Any CPU
		Release|Any CPU = Release|Any CPU
	EndGlobalSection
	GlobalSection(ProjectConfigurationPlatforms) = postSolution
		{045F4146-52FD-4012-8D8A-71B8D5FBE6BA}.Debug|Any CPU.ActiveCfg = Debug|Any CPU
		{045F4146-52FD-4012-8D8A-71B8D5FBE6BA}.Debug|Any CPU.Build.0 = Debug|Any CPU
		{045F4146-52FD-4012-8D8A-71B8D5FBE6BA}.Release|Any CPU.ActiveCfg = Release|Any CPU
		{045F4146-52FD-4012-8D8A-71B8D5FBE6BA}.Release|Any CPU.Build.0 = Release|Any CPU
		{DD0AA4EF-B3C8-4F32-BB4C-00F6408C5CB0}.Debug|Any CPU.ActiveCfg = Debug|Any CPU
		{DD0AA4EF-B3C8-4F32-BB4C-00F6408C5CB0}.Debug|Any CPU.Build.0 = Debug|Any CPU
		{DD0AA4EF-B3C8-4F32-BB4C-00F6408C5CB0}.Release|Any CPU.ActiveCfg = Release|Any CPU
		{DD0AA4EF-B3C8-4F32-BB4C-00F6408C5CB0}.Release|Any CPU.Build.0 = Release|Any CPU
		{9775A159-95F3-4E46-8D06-D195B4FDF674}.Debug|Any CPU.ActiveCfg = Debug|Any CPU
		{9775A159-95F3-4E46-8D06-D195B4FDF674}.Debug|Any CPU.Build.0 = Debug|Any CPU
		{9775A159-95F3-4E46-8D06-D195B4FDF674}.Release|Any CPU.ActiveCfg = Release|Any CPU
		{9775A159-95F3-4E46-8D06-D195B4FDF674}.Release|Any CPU.Build.0 = Release|Any CPU
	EndGlobalSection
	GlobalSection(SolutionProperties) = preSolution
		HideSolutionNode = FALSE
	EndGlobalSection
	GlobalSection(ExtensibilityGlobals) = postSolution
		SolutionGuid = {A7869258-1C00-4EC9-8C42-CD0C95254C69}
	EndGlobalSection
EndGlobal
